
Microsoft Visual Studio Solution File, Format Version 12.00
# Visual Studio Version 17
VisualStudioVersion = 17.8.34316.72
MinimumVisualStudioVersion = 10.0.40219.1
Project("{FAE04EC0-301F-11D3-BF4B-00C04F79EFBC}") = "Big Ball Game2", "Big Ball Game2\Big Ball Game2.csproj", "{2F41E651-9809-4C54-BA87-E0BE77B52C79}"
EndProject
Global
	GlobalSection(SolutionConfigurationPlatforms) = preSolution
		Debug|Any CPU = Debug|Any CPU
		Release|Any CPU = Release|Any CPU
	EndGlobalSection
	GlobalSection(ProjectConfigurationPlatforms) = postSolution
		{2F41E651-9809-4C54-BA87-E0BE77B52C79}.Debug|Any CPU.ActiveCfg = Debug|Any CPU
		{2F41E651-9809-4C54-BA87-E0BE77B52C79}.Debug|Any CPU.Build.0 = Debug|Any CPU
		{2F41E651-9809-4C54-BA87-E0BE77B52C79}.Release|Any CPU.ActiveCfg = Release|Any CPU
		{2F41E651-9809-4C54-BA87-E0BE77B52C79}.Release|Any CPU.Build.0 = Release|Any CPU
	EndGlobalSection
	GlobalSection(SolutionProperties) = preSolution
		HideSolutionNode = FALSE
	EndGlobalSection
	GlobalSection(ExtensibilityGlobals) = postSolution
		SolutionGuid = {E8CC2731-87D8-449E-9CDC-3745309AD56C}
	EndGlobalSection
EndGlobal
